Microsoft Visual Studio Solution File, Format Version 12.00
# Visual Studio 2013
VisualStudioVersion = 12.0.21005.1
MinimumVisualStudioVersion = 10.0.40219.1
Project("{5209DD5F-64E3-4E51-B7B6-5805C6F0F9FD}") = "DateTimeToStringConverterTest", "DateTimeToStringConverterTest.csproj", "{1C339016-0B6B-4CDB-86EF-83705C9670FE}"

EndProject

Global
	GlobalSection(SolutionConfigurationPlatforms) = preSolution
		Debug|Any CPU = Debug|Any CPU
		Release|Any CPU = Release|Any CPU
	EndGlobalSection
	GlobalSection(ProjectConfigurationPlatforms) = postSolution
		{1C339016-0B6B-4CDB-86EF-83705C9670FE}.Debug|Any CPU.ActiveCfg = Debug|Any CPU
		{1C339016-0B6B-4CDB-86EF-83705C9670FE}.Debug|Any CPU.Build.0 = Debug|Any CPU
		{1C339016-0B6B-4CDB-86EF-83705C9670FE}.Release|Any CPU.ActiveCfg = Release|Any CPU
		{1C339016-0B6B-4CDB-86EF-83705C9670FE}.Release|Any CPU.Build.0 = Release|Any CPU
	EndGlobalSection
	GlobalSection(SolutionProperties) = preSolution
		HideSolutionNode = FALSE
	EndGlobalSection
EndGlobal
