
Microsoft Visual Studio Solution File, Format Version 12.00
# Visual Studio 2013
VisualStudioVersion = 12.0.21005.1
MinimumVisualStudioVersion = 10.0.40219.1
Project("{FAE04EC0-301F-11D3-BF4B-00C04F79EFBC}") = "Your", "Your.csproj", "{5272DA7B-5490-4B37-9464-E7001811EBBE}"
	ProjectSection(ProjectDependencies) = postProject
		{F1566FFC-4C4D-45EA-948A-6DF5D58F6B10} = {F1566FFC-4C4D-45EA-948A-6DF5D58F6B10}
	EndProjectSection
EndProject
Project("{FAE04EC0-301F-11D3-BF4B-00C04F79EFBC}") = "VI_Styling", "Styling\VI_Styling.csproj", "{3C0C613F-2F15-47C9-85F4-4ECADB0567B0}"
EndProject
Project("{FAE04EC0-301F-11D3-BF4B-00C04F79EFBC}") = "VI_WPF", "Framework\VI_WPF.csproj", "{F1566FFC-4C4D-45EA-948A-6DF5D58F6B10}"
EndProject
Project("{FAE04EC0-301F-11D3-BF4B-00C04F79EFBC}") = "Configurations", "Configurations\Configurations.csproj", "{05404EF8-8209-4BE8-B02A-7C103A61AB67}"
EndProject
Global
	GlobalSection(SolutionConfigurationPlatforms) = preSolution
		Debug|Any CPU = Debug|Any CPU
		Release|Any CPU = Release|Any CPU
	EndGlobalSection
	GlobalSection(ProjectConfigurationPlatforms) = postSolution
		{5272DA7B-5490-4B37-9464-E7001811EBBE}.Debug|Any CPU.ActiveCfg = Debug|Any CPU
		{5272DA7B-5490-4B37-9464-E7001811EBBE}.Debug|Any CPU.Build.0 = Debug|Any CPU
		{5272DA7B-5490-4B37-9464-E7001811EBBE}.Release|Any CPU.ActiveCfg = Release|Any CPU
		{5272DA7B-5490-4B37-9464-E7001811EBBE}.Release|Any CPU.Build.0 = Release|Any CPU
		{3C0C613F-2F15-47C9-85F4-4ECADB0567B0}.Debug|Any CPU.ActiveCfg = Debug|Any CPU
		{3C0C613F-2F15-47C9-85F4-4ECADB0567B0}.Debug|Any CPU.Build.0 = Debug|Any CPU
		{3C0C613F-2F15-47C9-85F4-4ECADB0567B0}.Release|Any CPU.ActiveCfg = Release|Any CPU
		{3C0C613F-2F15-47C9-85F4-4ECADB0567B0}.Release|Any CPU.Build.0 = Release|Any CPU
		{F1566FFC-4C4D-45EA-948A-6DF5D58F6B10}.Debug|Any CPU.ActiveCfg = Debug|Any CPU
		{F1566FFC-4C4D-45EA-948A-6DF5D58F6B10}.Debug|Any CPU.Build.0 = Debug|Any CPU
		{F1566FFC-4C4D-45EA-948A-6DF5D58F6B10}.Release|Any CPU.ActiveCfg = Release|Any CPU
		{F1566FFC-4C4D-45EA-948A-6DF5D58F6B10}.Release|Any CPU.Build.0 = Release|Any CPU
		{05404EF8-8209-4BE8-B02A-7C103A61AB67}.Debug|Any CPU.ActiveCfg = Debug|Any CPU
		{05404EF8-8209-4BE8-B02A-7C103A61AB67}.Debug|Any CPU.Build.0 = Debug|Any CPU
		{05404EF8-8209-4BE8-B02A-7C103A61AB67}.Release|Any CPU.ActiveCfg = Release|Any CPU
		{05404EF8-8209-4BE8-B02A-7C103A61AB67}.Release|Any CPU.Build.0 = Release|Any CPU
	EndGlobalSection
	GlobalSection(SolutionProperties) = preSolution
		HideSolutionNode = FALSE
	EndGlobalSection
EndGlobal
